
Microsoft Visual Studio Solution File, Format Version 12.00
# Visual Studio Version 17
VisualStudioVersion = 17.0.31919.166
MinimumVisualStudioVersion = 10.0.40219.1
Project("{FAE04EC0-301F-11D3-BF4B-00C04F79EFBC}") = "JWTTutorial", "JWTTutorial\JWTTutorial.csproj", "{7DE25431-28FE-43EF-90EC-6037B0D8AB24}"
EndProject
Global
	GlobalSection(SolutionConfigurationPlatforms) = preSolution
		Debug|Any CPU = Debug|Any CPU
		Release|Any CPU = Release|Any CPU
	EndGlobalSection
	GlobalSection(ProjectConfigurationPlatforms) = postSolution
		{7DE25431-28FE-43EF-90EC-6037B0D8AB24}.Debug|Any CPU.ActiveCfg = Debug|Any CPU
		{7DE25431-28FE-43EF-90EC-6037B0D8AB24}.Debug|Any CPU.Build.0 = Debug|Any CPU
		{7DE25431-28FE-43EF-90EC-6037B0D8AB24}.Release|Any CPU.ActiveCfg = Release|Any CPU
		{7DE25431-28FE-43EF-90EC-6037B0D8AB24}.Release|Any CPU.Build.0 = Release|Any CPU
	EndGlobalSection
	GlobalSection(SolutionProperties) = preSolution
		HideSolutionNode = FALSE
	EndGlobalSection
	GlobalSection(ExtensibilityGlobals) = postSolution
		SolutionGuid = {4FF5DF93-2918-4A01-8682-E8B0F7CB1020}
	EndGlobalSection
EndGlobal
