
Microsoft Visual Studio Solution File, Format Version 12.00
# Visual Studio Version 16
VisualStudioVersion = 16.0.30114.105
MinimumVisualStudioVersion = 10.0.40219.1
Project("{FAE04EC0-301F-11D3-BF4B-00C04F79EFBC}") = "TeeOnline", "TeeOnline\TeeOnline.csproj", "{17F35247-D5AB-499C-830E-B0B7816BCAAC}"
EndProject
Project("{FAE04EC0-301F-11D3-BF4B-00C04F79EFBC}") = "TeeOnlineDb", "TeeOnlineDb\TeeOnlineDb.csproj", "{F6DCD2B8-0950-49D6-AC41-9F15576ACF01}"
EndProject
Global
	GlobalSection(SolutionConfigurationPlatforms) = preSolution
		Debug|Any CPU = Debug|Any CPU
		Release|Any CPU = Release|Any CPU
	EndGlobalSection
	GlobalSection(SolutionProperties) = preSolution
		HideSolutionNode = FALSE
	EndGlobalSection
	GlobalSection(ProjectConfigurationPlatforms) = postSolution
		{17F35247-D5AB-499C-830E-B0B7816BCAAC}.Debug|Any CPU.ActiveCfg = Debug|Any CPU
		{17F35247-D5AB-499C-830E-B0B7816BCAAC}.Debug|Any CPU.Build.0 = Debug|Any CPU
		{17F35247-D5AB-499C-830E-B0B7816BCAAC}.Release|Any CPU.ActiveCfg = Release|Any CPU
		{17F35247-D5AB-499C-830E-B0B7816BCAAC}.Release|Any CPU.Build.0 = Release|Any CPU
		{F6DCD2B8-0950-49D6-AC41-9F15576ACF01}.Debug|Any CPU.ActiveCfg = Debug|Any CPU
		{F6DCD2B8-0950-49D6-AC41-9F15576ACF01}.Debug|Any CPU.Build.0 = Debug|Any CPU
		{F6DCD2B8-0950-49D6-AC41-9F15576ACF01}.Release|Any CPU.ActiveCfg = Release|Any CPU
		{F6DCD2B8-0950-49D6-AC41-9F15576ACF01}.Release|Any CPU.Build.0 = Release|Any CPU
	EndGlobalSection
EndGlobal
