
Microsoft Visual Studio Solution File, Format Version 12.00
# Visual Studio Version 16
VisualStudioVersion = 16.0.30114.105
MinimumVisualStudioVersion = 10.0.40219.1
Project("{FAE04EC0-301F-11D3-BF4B-00C04F79EFBC}") = "TeeOnline", "TeeOnline\TeeOnline.csproj", "{7EFA56C1-C1D5-4A7F-A12E-EDC6D1ACA49E}"
EndProject
Project("{FAE04EC0-301F-11D3-BF4B-00C04F79EFBC}") = "TeeOnlineDb", "TeeOnlineDb\TeeOnlineDb.csproj", "{181F57A3-F511-4850-940D-1CDBEC0F55CE}"
EndProject
Global
	GlobalSection(SolutionConfigurationPlatforms) = preSolution
		Debug|Any CPU = Debug|Any CPU
		Release|Any CPU = Release|Any CPU
	EndGlobalSection
	GlobalSection(SolutionProperties) = preSolution
		HideSolutionNode = FALSE
	EndGlobalSection
	GlobalSection(ProjectConfigurationPlatforms) = postSolution
		{7EFA56C1-C1D5-4A7F-A12E-EDC6D1ACA49E}.Debug|Any CPU.ActiveCfg = Debug|Any CPU
		{7EFA56C1-C1D5-4A7F-A12E-EDC6D1ACA49E}.Debug|Any CPU.Build.0 = Debug|Any CPU
		{7EFA56C1-C1D5-4A7F-A12E-EDC6D1ACA49E}.Release|Any CPU.ActiveCfg = Release|Any CPU
		{7EFA56C1-C1D5-4A7F-A12E-EDC6D1ACA49E}.Release|Any CPU.Build.0 = Release|Any CPU
		{181F57A3-F511-4850-940D-1CDBEC0F55CE}.Debug|Any CPU.ActiveCfg = Debug|Any CPU
		{181F57A3-F511-4850-940D-1CDBEC0F55CE}.Debug|Any CPU.Build.0 = Debug|Any CPU
		{181F57A3-F511-4850-940D-1CDBEC0F55CE}.Release|Any CPU.ActiveCfg = Release|Any CPU
		{181F57A3-F511-4850-940D-1CDBEC0F55CE}.Release|Any CPU.Build.0 = Release|Any CPU
	EndGlobalSection
EndGlobal
