
Microsoft Visual Studio Solution File, Format Version 12.00
# Visual Studio Version 17
VisualStudioVersion = 17.0.31919.166
MinimumVisualStudioVersion = 10.0.40219.1
Project("{9A19103F-16F7-4668-BE54-9A1E7A4F7556}") = "PasswordCrackerApi", "PasswordCrackerApi\PasswordCrackerApi.csproj", "{C92E9797-6C92-46A4-A3F7-58C158BD5DE1}"
EndProject
Global
	GlobalSection(SolutionConfigurationPlatforms) = preSolution
		Debug|Any CPU = Debug|Any CPU
		Debug|x64 = Debug|x64
		Release|Any CPU = Release|Any CPU
		Release|x64 = Release|x64
	EndGlobalSection
	GlobalSection(ProjectConfigurationPlatforms) = postSolution
		{C92E9797-6C92-46A4-A3F7-58C158BD5DE1}.Debug|Any CPU.ActiveCfg = Release|Any CPU
		{C92E9797-6C92-46A4-A3F7-58C158BD5DE1}.Debug|Any CPU.Build.0 = Release|Any CPU
		{C92E9797-6C92-46A4-A3F7-58C158BD5DE1}.Debug|x64.ActiveCfg = Debug|x64
		{C92E9797-6C92-46A4-A3F7-58C158BD5DE1}.Debug|x64.Build.0 = Debug|x64
		{C92E9797-6C92-46A4-A3F7-58C158BD5DE1}.Release|Any CPU.ActiveCfg = Release|Any CPU
		{C92E9797-6C92-46A4-A3F7-58C158BD5DE1}.Release|Any CPU.Build.0 = Release|Any CPU
		{C92E9797-6C92-46A4-A3F7-58C158BD5DE1}.Release|x64.ActiveCfg = Release|x64
		{C92E9797-6C92-46A4-A3F7-58C158BD5DE1}.Release|x64.Build.0 = Release|x64
	EndGlobalSection
	GlobalSection(SolutionProperties) = preSolution
		HideSolutionNode = FALSE
	EndGlobalSection
	GlobalSection(ExtensibilityGlobals) = postSolution
		SolutionGuid = {F049E7E3-0199-4438-8F2A-0E2CE72CEFDA}
	EndGlobalSection
EndGlobal
